
Microsoft Visual Studio Solution File, Format Version 12.00
# Visual Studio 14
VisualStudioVersion = 14.0.25420.1
MinimumVisualStudioVersion = 10.0.40219.1
Project("{2150E333-8FDC-42A3-9474-1A3956D46DE8}") = "src", "src", "{17E06FB8-FACC-4F7C-8303-1C00632BF517}"
EndProject
Project("{2150E333-8FDC-42A3-9474-1A3956D46DE8}") = "Solution Items", "Solution Items", "{C070129A-6781-4F9C-AFBD-953BBA93D0AC}"
	ProjectSection(SolutionItems) = preProject
		global.json = global.json
	EndProjectSection
EndProject
Project("{8BB2217D-0F2D-49D1-97BC-3654ED321F3B}") = "MyCRMS", "src\MyCRMS\MyCRMS.xproj", "{0718A63B-4FE1-40DF-BF78-F84972D7BE39}"
EndProject
Project("{8BB2217D-0F2D-49D1-97BC-3654ED321F3B}") = "MyCRMS_API", "src\MyCRMS_API\MyCRMS_API.xproj", "{78305007-31AA-41DA-9759-10333766A432}"
EndProject
Project("{8BB2217D-0F2D-49D1-97BC-3654ED321F3B}") = "MyCRMS_Identity", "src\MyCRMS_Identity\MyCRMS_Identity.xproj", "{BD277FC6-0D40-4F11-BD9D-2DB569FBCBF1}"
EndProject
Project("{8BB2217D-0F2D-49D1-97BC-3654ED321F3B}") = "MyCRMS_Client", "src\MyCRMS_Client\MyCRMS_Client.xproj", "{C17AFA6C-8B77-4EF7-A756-A84170B4B3D2}"
EndProject
Global
	GlobalSection(SolutionConfigurationPlatforms) = preSolution
		Debug|Any CPU = Debug|Any CPU
		Release|Any CPU = Release|Any CPU
	EndGlobalSection
	GlobalSection(ProjectConfigurationPlatforms) = postSolution
		{0718A63B-4FE1-40DF-BF78-F84972D7BE39}.Debug|Any CPU.ActiveCfg = Debug|Any CPU
		{0718A63B-4FE1-40DF-BF78-F84972D7BE39}.Debug|Any CPU.Build.0 = Debug|Any CPU
		{0718A63B-4FE1-40DF-BF78-F84972D7BE39}.Release|Any CPU.ActiveCfg = Release|Any CPU
		{0718A63B-4FE1-40DF-BF78-F84972D7BE39}.Release|Any CPU.Build.0 = Release|Any CPU
		{78305007-31AA-41DA-9759-10333766A432}.Debug|Any CPU.ActiveCfg = Debug|Any CPU
		{78305007-31AA-41DA-9759-10333766A432}.Debug|Any CPU.Build.0 = Debug|Any CPU
		{78305007-31AA-41DA-9759-10333766A432}.Release|Any CPU.ActiveCfg = Release|Any CPU
		{78305007-31AA-41DA-9759-10333766A432}.Release|Any CPU.Build.0 = Release|Any CPU
		{BD277FC6-0D40-4F11-BD9D-2DB569FBCBF1}.Debug|Any CPU.ActiveCfg = Debug|Any CPU
		{BD277FC6-0D40-4F11-BD9D-2DB569FBCBF1}.Debug|Any CPU.Build.0 = Debug|Any CPU
		{BD277FC6-0D40-4F11-BD9D-2DB569FBCBF1}.Release|Any CPU.ActiveCfg = Release|Any CPU
		{BD277FC6-0D40-4F11-BD9D-2DB569FBCBF1}.Release|Any CPU.Build.0 = Release|Any CPU
		{C17AFA6C-8B77-4EF7-A756-A84170B4B3D2}.Debug|Any CPU.ActiveCfg = Debug|Any CPU
		{C17AFA6C-8B77-4EF7-A756-A84170B4B3D2}.Debug|Any CPU.Build.0 = Debug|Any CPU
		{C17AFA6C-8B77-4EF7-A756-A84170B4B3D2}.Release|Any CPU.ActiveCfg = Release|Any CPU
		{C17AFA6C-8B77-4EF7-A756-A84170B4B3D2}.Release|Any CPU.Build.0 = Release|Any CPU
	EndGlobalSection
	GlobalSection(SolutionProperties) = preSolution
		HideSolutionNode = FALSE
	EndGlobalSection
	GlobalSection(NestedProjects) = preSolution
		{0718A63B-4FE1-40DF-BF78-F84972D7BE39} = {17E06FB8-FACC-4F7C-8303-1C00632BF517}
		{78305007-31AA-41DA-9759-10333766A432} = {17E06FB8-FACC-4F7C-8303-1C00632BF517}
		{BD277FC6-0D40-4F11-BD9D-2DB569FBCBF1} = {17E06FB8-FACC-4F7C-8303-1C00632BF517}
		{C17AFA6C-8B77-4EF7-A756-A84170B4B3D2} = {17E06FB8-FACC-4F7C-8303-1C00632BF517}
	EndGlobalSection
EndGlobal
